
Microsoft Visual Studio Solution File, Format Version 11.00
# Visual Studio 2010
Project("{FAE04EC0-301F-11D3-BF4B-00C04F79EFBC}") = "Molaing", "Assembly-CSharp-firstpass.csproj", "{06B192EE-833D-9696-B711-5991D29C57EA}"
EndProject
Global
	GlobalSection(SolutionConfigurationPlatforms) = preSolution
		Debug|Any CPU = Debug|Any CPU
		Release|Any CPU = Release|Any CPU
	EndGlobalSection
	GlobalSection(ProjectConfigurationPlatforms) = postSolution
		{06B192EE-833D-9696-B711-5991D29C57EA}.Debug|Any CPU.ActiveCfg = Debug|Any CPU
		{06B192EE-833D-9696-B711-5991D29C57EA}.Debug|Any CPU.Build.0 = Debug|Any CPU
		{06B192EE-833D-9696-B711-5991D29C57EA}.Release|Any CPU.ActiveCfg = Release|Any CPU
		{06B192EE-833D-9696-B711-5991D29C57EA}.Release|Any CPU.Build.0 = Release|Any CPU
	EndGlobalSection
	GlobalSection(SolutionProperties) = preSolution
		HideSolutionNode = FALSE
	EndGlobalSection
	GlobalSection(MonoDevelopProperties) = preSolution
		StartupItem = Assembly-CSharp.csproj
	EndGlobalSection
EndGlobal
